<?xml version="1.0" encoding="utf-8"?>
<Project ToolsVersion="4.0" xmlns="http://schemas.microsoft.com/developer/msbuild/2003">
  <ItemGroup>
    <Filter Include="Source Files">
      <UniqueIdentifier>{4FC737F1-C7A5-4376-A066-2A32D752A2FF}</UniqueIdentifier>
      <Extensions>cpp;c;cc;cxx;def;odl;idl;hpj;bat;asm;asmx</Extensions>
    </Filter>
    <Filter Include="Header Files">
      <UniqueIdentifier>{93995380-89BD-4b04-88EB-625FBE52EBFB}</UniqueIdentifier>
      <Extensions>h;hh;hpp;hxx;hm;inl;inc;ipp;xsd</Extensions>
    </Filter>
    <Filter Include="Resource Files">
      <UniqueIdentifier>{67DA6AB6-F800-4c08-8B7A-83BB121AAD01}</UniqueIdentifier>
      <Extensions>rc;ico;cur;bmp;dlg;rc2;rct;bin;rgs;gif;jpg;jpeg;jpe;resx;tiff;tif;png;wav;mfcribbon-ms</Extensions>
    </Filter>
  </ItemGroup>
  <ItemGroup>
    <ClCompile Include="baekjoon_1010.cpp">
      <Filter>Source Files</Filter>
    </ClCompile>
    <ClCompile Include="baekjoon_1018.cpp">
      <Filter>Source Files</Filter>
    </ClCompile>
    <ClCompile Include="baekjoon_1021.cpp">
      <Filter>Source Files</Filter>
    </ClCompile>
    <ClCompile Include="baekjoon_1022.cpp">
      <Filter>Source Files</Filter>
    </ClCompile>
    <ClCompile Include="baekjoon_1034.cpp">
      <Filter>Source Files</Filter>
    </ClCompile>
    <ClCompile Include="baekjoon_1035.cpp">
      <Filter>Source Files</Filter>
    </ClCompile>
    <ClCompile Include="baekjoon_1043.cpp">
      <Filter>Source Files</Filter>
    </ClCompile>
    <ClCompile Include="baekjoon_1052.cpp">
      <Filter>Source Files</Filter>
    </ClCompile>
    <ClCompile Include="baekjoon_1069.cpp">
      <Filter>Source Files</Filter>
    </ClCompile>
    <ClCompile Include="baekjoon_1085.cpp">
      <Filter>Source Files</Filter>
    </ClCompile>
    <ClCompile Include="baekjoon_1114.cpp">
      <Filter>Source Files</Filter>
    </ClCompile>
    <ClCompile Include="baekjoon_1120.cpp">
      <Filter>Source Files</Filter>
    </ClCompile>
    <ClCompile Include="baekjoon_1149.cpp">
      <Filter>Source Files</Filter>
    </ClCompile>
    <ClCompile Include="baekjoon_1153.cpp">
      <Filter>Source Files</Filter>
    </ClCompile>
    <ClCompile Include="baekjoon_1182.cpp">
      <Filter>Source Files</Filter>
    </ClCompile>
    <ClCompile Include="baekjoon_1194.cpp">
      <Filter>Source Files</Filter>
    </ClCompile>
    <ClCompile Include="baekjoon_1256.cpp">
      <Filter>Source Files</Filter>
    </ClCompile>
    <ClCompile Include="baekjoon_1261.cpp">
      <Filter>Source Files</Filter>
    </ClCompile>
    <ClCompile Include="baekjoon_1325.cpp">
      <Filter>Source Files</Filter>
    </ClCompile>
    <ClCompile Include="baekjoon_1406.cpp">
      <Filter>Source Files</Filter>
    </ClCompile>
    <ClCompile Include="baekjoon_1417.cpp">
      <Filter>Source Files</Filter>
    </ClCompile>
    <ClCompile Include="baekjoon_1439.cpp">
      <Filter>Source Files</Filter>
    </ClCompile>
    <ClCompile Include="baekjoon_1475.cpp">
      <Filter>Source Files</Filter>
    </ClCompile>
    <ClCompile Include="baekjoon_1697.cpp">
      <Filter>Source Files</Filter>
    </ClCompile>
    <ClCompile Include="baekjoon_1726.cpp">
      <Filter>Source Files</Filter>
    </ClCompile>
    <ClCompile Include="baekjoon_1927.cpp">
      <Filter>Source Files</Filter>
    </ClCompile>
    <ClCompile Include="baekjoon_1937.cpp">
      <Filter>Source Files</Filter>
    </ClCompile>
    <ClCompile Include="baekjoon_1941.cpp">
      <Filter>Source Files</Filter>
    </ClCompile>
    <ClCompile Include="baekjoon_2096.cpp">
      <Filter>Source Files</Filter>
    </ClCompile>
    <ClCompile Include="baekjoon_2098.cpp">
      <Filter>Source Files</Filter>
    </ClCompile>
    <ClCompile Include="baekjoon_2146.cpp">
      <Filter>Source Files</Filter>
    </ClCompile>
    <ClCompile Include="baekjoon_2156.cpp">
      <Filter>Source Files</Filter>
    </ClCompile>
    <ClCompile Include="baekjoon_2206.cpp">
      <Filter>Source Files</Filter>
    </ClCompile>
    <ClCompile Include="baekjoon_2252.cpp">
      <Filter>Source Files</Filter>
    </ClCompile>
    <ClCompile Include="baekjoon_2352.cpp">
      <Filter>Source Files</Filter>
    </ClCompile>
    <ClCompile Include="baekjoon_2423.cpp">
      <Filter>Source Files</Filter>
    </ClCompile>
    <ClCompile Include="baekjoon_2579.cpp">
      <Filter>Source Files</Filter>
    </ClCompile>
    <ClCompile Include="baekjoon_2581.cpp">
      <Filter>Source Files</Filter>
    </ClCompile>
    <ClCompile Include="baekjoon_2589.cpp">
      <Filter>Source Files</Filter>
    </ClCompile>
    <ClCompile Include="baekjoon_2661.cpp">
      <Filter>Source Files</Filter>
    </ClCompile>
    <ClCompile Include="baekjoon_2773.cpp">
      <Filter>Source Files</Filter>
    </ClCompile>
    <ClCompile Include="baekjoon_2985.cpp">
      <Filter>Source Files</Filter>
    </ClCompile>
    <ClCompile Include="baekjoon_3109.cpp">
      <Filter>Source Files</Filter>
    </ClCompile>
    <ClCompile Include="baekjoon_3187.cpp">
      <Filter>Source Files</Filter>
    </ClCompile>
    <ClCompile Include="baekjoon_3190.cpp">
      <Filter>Source Files</Filter>
    </ClCompile>
    <ClCompile Include="baekjoon_3678.cpp">
      <Filter>Source Files</Filter>
    </ClCompile>
    <ClCompile Include="baekjoon_4179.cpp">
      <Filter>Source Files</Filter>
    </ClCompile>
    <ClCompile Include="baekjoon_4485.cpp">
      <Filter>Source Files</Filter>
    </ClCompile>
    <ClCompile Include="baekjoon_4672.cpp">
      <Filter>Source Files</Filter>
    </ClCompile>
    <ClCompile Include="baekjoon_4911.cpp">
      <Filter>Source Files</Filter>
    </ClCompile>
    <ClCompile Include="baekjoon_5052.cpp">
      <Filter>Source Files</Filter>
    </ClCompile>
    <ClCompile Include="baekjoon_5397.cpp">
      <Filter>Source Files</Filter>
    </ClCompile>
    <ClCompile Include="baekjoon_5465.cpp">
      <Filter>Source Files</Filter>
    </ClCompile>
    <ClCompile Include="baekjoon_5567.cpp">
      <Filter>Source Files</Filter>
    </ClCompile>
    <ClCompile Include="baekjoon_5577.cpp">
      <Filter>Source Files</Filter>
    </ClCompile>
    <ClCompile Include="baekjoon_6585.cpp">
      <Filter>Source Files</Filter>
    </ClCompile>
    <ClCompile Include="baekjoon_9205.cpp">
      <Filter>Source Files</Filter>
    </ClCompile>
    <ClCompile Include="baekjoon_9207.cpp">
      <Filter>Source Files</Filter>
    </ClCompile>
    <ClCompile Include="baekjoon_9466.cpp">
      <Filter>Source Files</Filter>
    </ClCompile>
    <ClCompile Include="baekjoon_9935.cpp">
      <Filter>Source Files</Filter>
    </ClCompile>
    <ClCompile Include="baekjoon_10026.cpp">
      <Filter>Source Files</Filter>
    </ClCompile>
    <ClCompile Include="baekjoon_10216.cpp">
      <Filter>Source Files</Filter>
    </ClCompile>
    <ClCompile Include="baekjoon_10342.cpp">
      <Filter>Source Files</Filter>
    </ClCompile>
    <ClCompile Include="baekjoon_10451.cpp">
      <Filter>Source Files</Filter>
    </ClCompile>
    <ClCompile Include="baekjoon_10845.cpp">
      <Filter>Source Files</Filter>
    </ClCompile>
    <ClCompile Include="baekjoon_10989.cpp">
      <Filter>Source Files</Filter>
    </ClCompile>
    <ClCompile Include="baekjoon_11403.cpp">
      <Filter>Source Files</Filter>
    </ClCompile>
    <ClCompile Include="baekjoon_11404.cpp">
      <Filter>Source Files</Filter>
    </ClCompile>
    <ClCompile Include="baekjoon_12174.cpp">
      <Filter>Source Files</Filter>
    </ClCompile>
    <ClCompile Include="baekjoon_12852.cpp">
      <Filter>Source Files</Filter>
    </ClCompile>
    <ClCompile Include="baekjoon_13458.cpp">
      <Filter>Source Files</Filter>
    </ClCompile>
    <ClCompile Include="baekjoon_14430.cpp">
      <Filter>Source Files</Filter>
    </ClCompile>
    <ClCompile Include="baekjoon_14433.cpp">
      <Filter>Source Files</Filter>
    </ClCompile>
    <ClCompile Include="baekjoon_14499.cpp">
      <Filter>Source Files</Filter>
    </ClCompile>
    <ClCompile Include="baekjoon_14500.cpp">
      <Filter>Source Files</Filter>
    </ClCompile>
    <ClCompile Include="baekjoon_14695.cpp">
      <Filter>Source Files</Filter>
    </ClCompile>
    <ClCompile Include="baekjoon_14718.cpp">
      <Filter>Source Files</Filter>
    </ClCompile>
    <ClCompile Include="baekjoon_14889.cpp">
      <Filter>Source Files</Filter>
    </ClCompile>
    <ClCompile Include="baekjoon_14890.cpp">
      <Filter>Source Files</Filter>
    </ClCompile>
    <ClCompile Include="baekjoon_14891.cpp">
      <Filter>Source Files</Filter>
    </ClCompile>
    <ClCompile Include="baekjoon_15422.cpp">
      <Filter>Source Files</Filter>
    </ClCompile>
    <ClCompile Include="baekjoon_15649.cpp">
      <Filter>Source Files</Filter>
    </ClCompile>
    <ClCompile Include="baekjoon_15684.cpp">
      <Filter>Source Files</Filter>
    </ClCompile>
    <ClCompile Include="baekjoon_15897.cpp">
      <Filter>Source Files</Filter>
    </ClCompile>
    <ClCompile Include="baekjoon_16194.cpp">
      <Filter>Source Files</Filter>
    </ClCompile>
    <ClCompile Include="baekjoon_16234.cpp">
      <Filter>Source Files</Filter>
    </ClCompile>
    <ClCompile Include="baekjoon_16283.cpp">
      <Filter>Source Files</Filter>
    </ClCompile>
    <ClCompile Include="baekjoon_16430.cpp">
      <Filter>Source Files</Filter>
    </ClCompile>
    <ClCompile Include="baekjoon_16506.cpp">
      <Filter>Source Files</Filter>
    </ClCompile>
    <ClCompile Include="baekjoon_16569.cpp">
      <Filter>Source Files</Filter>
    </ClCompile>
    <ClCompile Include="baekjoon_16637.cpp">
      <Filter>Source Files</Filter>
    </ClCompile>
    <ClCompile Include="baekjoon_16933.cpp">
      <Filter>Source Files</Filter>
    </ClCompile>
    <ClCompile Include="baekjoon_16956.cpp">
      <Filter>Source Files</Filter>
    </ClCompile>
    <ClCompile Include="baekjoon_16988.cpp">
      <Filter>Source Files</Filter>
    </ClCompile>
    <ClCompile Include="baekjoon_17129.cpp">
      <Filter>Source Files</Filter>
    </ClCompile>
    <ClCompile Include="baekjoon_17136.cpp">
      <Filter>Source Files</Filter>
    </ClCompile>
    <ClCompile Include="baekjoon_17143.cpp">
      <Filter>Source Files</Filter>
    </ClCompile>
    <ClCompile Include="baekjoon_17144.cpp">
      <Filter>Source Files</Filter>
    </ClCompile>
    <ClCompile Include="baekjoon_17244.cpp">
      <Filter>Source Files</Filter>
    </ClCompile>
    <ClCompile Include="baekjoon_17245.cpp">
      <Filter>Source Files</Filter>
    </ClCompile>
    <ClCompile Include="baekjoon_17406.cpp">
      <Filter>Source Files</Filter>
    </ClCompile>
    <ClCompile Include="baekjoon_17470.cpp">
      <Filter>Source Files</Filter>
    </ClCompile>
    <ClCompile Include="baekjoon_17471.cpp">
      <Filter>Source Files</Filter>
    </ClCompile>
    <ClCompile Include="baekjoon_17472.cpp">
      <Filter>Source Files</Filter>
    </ClCompile>
    <ClCompile Include="baekjoon_17504.cpp">
      <Filter>Source Files</Filter>
    </ClCompile>
    <ClCompile Include="baekjoon_17779.cpp">
      <Filter>Source Files</Filter>
    </ClCompile>
    <ClCompile Include="baekjoon_17780.cpp">
      <Filter>Source Files</Filter>
    </ClCompile>
    <ClCompile Include="baekjoon_17822.cpp">
      <Filter>Source Files</Filter>
    </ClCompile>
    <ClCompile Include="baekjoon_17825.cpp">
      <Filter>Source Files</Filter>
    </ClCompile>
    <ClCompile Include="baekjoon_17835.cpp">
      <Filter>Source Files</Filter>
    </ClCompile>
    <ClCompile Include="baekjoon_17939.cpp">
      <Filter>Source Files</Filter>
    </ClCompile>
    <ClCompile Include="baekjoon_17940.cpp">
      <Filter>Source Files</Filter>
    </ClCompile>
    <ClCompile Include="baekjoon_17941.cpp">
      <Filter>Source Files</Filter>
    </ClCompile>
    <ClCompile Include="baekjoon_17942.cpp">
      <Filter>Source Files</Filter>
    </ClCompile>
    <ClCompile Include="baekjoon_17952.cpp">
      <Filter>Source Files</Filter>
    </ClCompile>
    <ClCompile Include="baekjoon_17953.cpp">
      <Filter>Source Files</Filter>
    </ClCompile>
    <ClCompile Include="baekjoon_18115.cpp">
      <Filter>Source Files</Filter>
    </ClCompile>
    <ClCompile Include="baekjoon_18119.cpp">
      <Filter>Source Files</Filter>
    </ClCompile>
    <ClCompile Include="baekjoon_18170.cpp">
      <Filter>Source Files</Filter>
    </ClCompile>
    <ClCompile Include="baekjoon_18258.cpp">
      <Filter>Source Files</Filter>
    </ClCompile>
    <ClCompile Include="baekjoon_18290.cpp">
      <Filter>Source Files</Filter>
    </ClCompile>
    <ClCompile Include="baekjoon_18291.cpp">
      <Filter>Source Files</Filter>
    </ClCompile>
    <ClCompile Include="baekjoon_별찍기.cpp">
      <Filter>Source Files</Filter>
    </ClCompile>
    <ClCompile Include="baekjoon_18224.cpp">
      <Filter>Source Files</Filter>
    </ClCompile>
    <ClCompile Include="baekjoon_18242.cpp">
      <Filter>Source Files</Filter>
    </ClCompile>
    <ClCompile Include="baekjoon_8979.cpp">
      <Filter>Source Files</Filter>
    </ClCompile>
    <ClCompile Include="baekjoon_17837.cpp">
      <Filter>Source Files</Filter>
    </ClCompile>
    <ClCompile Include="baekjoon_2467.cpp">
      <Filter>Source Files</Filter>
    </ClCompile>
    <ClCompile Include="baekjoon_18428.cpp">
      <Filter>Source Files</Filter>
    </ClCompile>
    <ClCompile Include="baekjoon_17276.cpp">
      <Filter>Source Files</Filter>
    </ClCompile>
    <ClCompile Include="baekjoon_17123.cpp">
      <Filter>Source Files</Filter>
    </ClCompile>
    <ClCompile Include="baekjoon_17124.cpp">
      <Filter>Source Files</Filter>
    </ClCompile>
    <ClCompile Include="baekjoon_18430.cpp">
      <Filter>Source Files</Filter>
    </ClCompile>
    <ClCompile Include="baekjoon_18427.cpp">
      <Filter>Source Files</Filter>
    </ClCompile>
    <ClCompile Include="baekjoon_2823.cpp">
      <Filter>Source Files</Filter>
    </ClCompile>
    <ClCompile Include="baekjoon_1713.cpp">
      <Filter>Source Files</Filter>
    </ClCompile>
    <ClCompile Include="baekjoon_5212.cpp">
      <Filter>Source Files</Filter>
    </ClCompile>
    <ClCompile Include="baekjoon_5624.cpp">
      <Filter>Source Files</Filter>
    </ClCompile>
    <ClCompile Include="baekjoon_2138.cpp">
      <Filter>Source Files</Filter>
    </ClCompile>
    <ClCompile Include="baekjoon_2790.cpp">
      <Filter>Source Files</Filter>
    </ClCompile>
    <ClCompile Include="baekjoon_5046.cpp">
      <Filter>Source Files</Filter>
    </ClCompile>
    <ClCompile Include="baekjoon_2194.cpp">
      <Filter>Source Files</Filter>
    </ClCompile>
    <ClCompile Include="baekjoon_2933.cpp">
      <Filter>Source Files</Filter>
    </ClCompile>
    <ClCompile Include="baekjoon_5549.cpp">
      <Filter>Source Files</Filter>
    </ClCompile>
    <ClCompile Include="baekjoon_16924.cpp">
      <Filter>Source Files</Filter>
    </ClCompile>
    <ClCompile Include="baekjoon_16937.cpp">
      <Filter>Source Files</Filter>
    </ClCompile>
    <ClCompile Include="baekjoon_16938.cpp">
      <Filter>Source Files</Filter>
    </ClCompile>
    <ClCompile Include="baekjoon_2232.cpp">
      <Filter>Source Files</Filter>
    </ClCompile>
    <ClCompile Include="baekjoon_5534.cpp">
      <Filter>Source Files</Filter>
    </ClCompile>
    <ClCompile Include="baekjoon_18808.cpp">
      <Filter>Source Files</Filter>
    </ClCompile>
    <ClCompile Include="baekjoon_2002.cpp">
      <Filter>Source Files</Filter>
    </ClCompile>
    <ClCompile Include="baekjoon_18809.cpp">
      <Filter>Source Files</Filter>
    </ClCompile>
    <ClCompile Include="baekjoon_9519.cpp">
      <Filter>Source Files</Filter>
    </ClCompile>
    <ClCompile Include="baekjoon_18353.cpp">
      <Filter>Source Files</Filter>
    </ClCompile>
    <ClCompile Include="baekjoon_11005.cpp">
      <Filter>Source Files</Filter>
    </ClCompile>
    <ClCompile Include="baekjoon_2671.cpp">
      <Filter>Source Files</Filter>
    </ClCompile>
    <ClCompile Include="baekjoon_2003.cpp">
      <Filter>Source Files</Filter>
    </ClCompile>
    <ClCompile Include="baekjoon_18868.cpp">
      <Filter>Source Files</Filter>
    </ClCompile>
    <ClCompile Include="baekjoon_2839.cpp">
      <Filter>Source Files</Filter>
    </ClCompile>
    <ClCompile Include="baekjoon_18442.cpp">
      <Filter>Source Files</Filter>
    </ClCompile>
    <ClCompile Include="baekjoon_18404.cpp">
      <Filter>Source Files</Filter>
    </ClCompile>
    <ClCompile Include="baekjoon_17430.cpp">
      <Filter>Source Files</Filter>
    </ClCompile>
    <ClCompile Include="baekjoon_14719.cpp">
      <Filter>Source Files</Filter>
    </ClCompile>
    <ClCompile Include="baekjoon_11723.cpp">
      <Filter>Source Files</Filter>
    </ClCompile>
    <ClCompile Include="baekjoon_1600.cpp">
      <Filter>Source Files</Filter>
    </ClCompile>
    <ClCompile Include="baekjoon_1620.cpp">
      <Filter>Source Files</Filter>
    </ClCompile>
    <ClCompile Include="baekjoon_9095.cpp">
      <Filter>Source Files</Filter>
    </ClCompile>
    <ClCompile Include="baekjoon_11724.cpp">
      <Filter>Source Files</Filter>
    </ClCompile>
    <ClCompile Include="baekjoon_11726.cpp">
      <Filter>Source Files</Filter>
    </ClCompile>
    <ClCompile Include="baekjoon_18870.cpp">
      <Filter>Source Files</Filter>
    </ClCompile>
    <ClCompile Include="baekjoon_2239.cpp">
      <Filter>Source Files</Filter>
    </ClCompile>
    <ClCompile Include="baekjoon_1107.cpp">
      <Filter>Source Files</Filter>
    </ClCompile>
    <ClCompile Include="baekjoon_2477.cpp">
      <Filter>Source Files</Filter>
    </ClCompile>
    <ClCompile Include="baekjoon_11279.cpp">
      <Filter>Source Files</Filter>
    </ClCompile>
    <ClCompile Include="baekjoon_11727.cpp">
      <Filter>Source Files</Filter>
    </ClCompile>
    <ClCompile Include="baekjoon_9242.cpp">
      <Filter>Source Files</Filter>
    </ClCompile>
    <ClCompile Include="baekjoon_18866.cpp">
      <Filter>Source Files</Filter>
    </ClCompile>
    <ClCompile Include="baekjoon_2193.cpp">
      <Filter>Source Files</Filter>
    </ClCompile>
    <ClCompile Include="baekjoon_2422.cpp">
      <Filter>Source Files</Filter>
    </ClCompile>
    <ClCompile Include="baekjoon_2004.cpp">
      <Filter>Source Files</Filter>
    </ClCompile>
    <ClCompile Include="baekjoon_16198.cpp">
      <Filter>Source Files</Filter>
    </ClCompile>
    <ClCompile Include="baekjoon_6198.cpp">
      <Filter>Source Files</Filter>
    </ClCompile>
    <ClCompile Include="baekjoon_18406.cpp">
      <Filter>Source Files</Filter>
    </ClCompile>
    <ClCompile Include="baekjoon_18512.cpp">
      <Filter>Source Files</Filter>
    </ClCompile>
    <ClCompile Include="baekjoon_2941.cpp">
      <Filter>Source Files</Filter>
    </ClCompile>
    <ClCompile Include="baekjoon_1213.cpp">
      <Filter>Source Files</Filter>
    </ClCompile>
    <ClCompile Include="baekjoon_18352.cpp">
      <Filter>Source Files</Filter>
    </ClCompile>
    <ClCompile Include="baekjoon_17137.cpp">
      <Filter>Source Files</Filter>
    </ClCompile>
    <ClCompile Include="baekjoon_10871.cpp">
      <Filter>Source Files</Filter>
    </ClCompile>
    <ClCompile Include="baekjoon_11052.cpp">
      <Filter>Source Files</Filter>
    </ClCompile>
    <ClCompile Include="baekjoon_2011.cpp">
      <Filter>Source Files</Filter>
    </ClCompile>
    <ClCompile Include="baekjoon_10825.cpp">
      <Filter>Source Files</Filter>
    </ClCompile>
    <ClCompile Include="baekjoon_11625.cpp">
      <Filter>Source Files</Filter>
    </ClCompile>
    <ClCompile Include="baekjoon_18311.cpp">
      <Filter>Source Files</Filter>
    </ClCompile>
    <ClCompile Include="baekjoon_2577.cpp">
      <Filter>Source Files</Filter>
    </ClCompile>
    <ClCompile Include="baekjoon_1168.cpp">
      <Filter>Source Files</Filter>
    </ClCompile>
    <ClCompile Include="baekjoon_1212.cpp">
      <Filter>Source Files</Filter>
    </ClCompile>
    <ClCompile Include="baekjoon_11576.cpp">
      <Filter>Source Files</Filter>
    </ClCompile>
    <ClCompile Include="baekjoon_1676.cpp">
      <Filter>Source Files</Filter>
    </ClCompile>
    <ClCompile Include="baekjoon_17845.cpp">
      <Filter>Source Files</Filter>
    </ClCompile>
    <ClCompile Include="baekjoon_2331.cpp">
      <Filter>Source Files</Filter>
    </ClCompile>
    <ClCompile Include="baekjoon_2884.cpp">
      <Filter>Source Files</Filter>
    </ClCompile>
    <ClCompile Include="baekjoon_2798.cpp">
      <Filter>Source Files</Filter>
    </ClCompile>
  </ItemGroup>
</Project>